
Microsoft Visual Studio Solution File, Format Version 12.00
# Visual Studio Version 16
VisualStudioVersion = 16.0.29025.244
MinimumVisualStudioVersion = 10.0.40219.1
Project("{FAE04EC0-301F-11D3-BF4B-00C04F79EFBC}") = "NoodleExtensions", "NoodleExtensions\NoodleExtensions.csproj", "{6F22A5D9-D726-490F-A46C-B89CA4D76B41}"
EndProject
Project("{2150E333-8FDC-42A3-9474-1A3956D46DE8}") = "Solution Items", "Solution Items", "{C716C2DD-39D3-4AC0-8B2D-E129E72F4828}"
	ProjectSection(SolutionItems) = preProject
		README.md = README.md
	EndProjectSection
EndProject
Global
	GlobalSection(SolutionConfigurationPlatforms) = preSolution
		Debug|Any CPU = Debug|Any CPU
		Release|Any CPU = Release|Any CPU
	EndGlobalSection
	GlobalSection(ProjectConfigurationPlatforms) = postSolution
		{6F22A5D9-D726-490F-A46C-B89CA4D76B41}.Debug|Any CPU.ActiveCfg = Debug|Any CPU
		{6F22A5D9-D726-490F-A46C-B89CA4D76B41}.Debug|Any CPU.Build.0 = Debug|Any CPU
		{6F22A5D9-D726-490F-A46C-B89CA4D76B41}.Release|Any CPU.ActiveCfg = Release|Any CPU
		{6F22A5D9-D726-490F-A46C-B89CA4D76B41}.Release|Any CPU.Build.0 = Release|Any CPU
	EndGlobalSection
	GlobalSection(SolutionProperties) = preSolution
		HideSolutionNode = FALSE
	EndGlobalSection
	GlobalSection(ExtensibilityGlobals) = postSolution
		SolutionGuid = {C9ABA060-E44A-4177-B81E-E3E3784930C2}
	EndGlobalSection
EndGlobal
